
Microsoft Visual Studio Solution File, Format Version 12.00
# Visual Studio Version 16
VisualStudioVersion = 16.0.31105.61
MinimumVisualStudioVersion = 10.0.40219.1
Project("{FAE04EC0-301F-11D3-BF4B-00C04F79EFBC}") = "LastProject_v2", "LastProject_v2\LastProject_v2.csproj", "{6DEFB65A-E7AD-4AE6-AE56-1B8CFC9A1B13}"
EndProject
Project("{FAE04EC0-301F-11D3-BF4B-00C04F79EFBC}") = "ModelWeb", "..\WebBanVaLi\WebBanVaLi\ModelWeb\ModelWeb.csproj", "{48277D9F-49B0-4F00-92E0-2841EC66AF13}"
EndProject
Global
	GlobalSection(SolutionConfigurationPlatforms) = preSolution
		Debug|Any CPU = Debug|Any CPU
		Release|Any CPU = Release|Any CPU
	EndGlobalSection
	GlobalSection(ProjectConfigurationPlatforms) = postSolution
		{6DEFB65A-E7AD-4AE6-AE56-1B8CFC9A1B13}.Debug|Any CPU.ActiveCfg = Debug|Any CPU
		{6DEFB65A-E7AD-4AE6-AE56-1B8CFC9A1B13}.Debug|Any CPU.Build.0 = Debug|Any CPU
		{6DEFB65A-E7AD-4AE6-AE56-1B8CFC9A1B13}.Release|Any CPU.ActiveCfg = Release|Any CPU
		{6DEFB65A-E7AD-4AE6-AE56-1B8CFC9A1B13}.Release|Any CPU.Build.0 = Release|Any CPU
		{48277D9F-49B0-4F00-92E0-2841EC66AF13}.Debug|Any CPU.ActiveCfg = Debug|Any CPU
		{48277D9F-49B0-4F00-92E0-2841EC66AF13}.Debug|Any CPU.Build.0 = Debug|Any CPU
		{48277D9F-49B0-4F00-92E0-2841EC66AF13}.Release|Any CPU.ActiveCfg = Release|Any CPU
		{48277D9F-49B0-4F00-92E0-2841EC66AF13}.Release|Any CPU.Build.0 = Release|Any CPU
	EndGlobalSection
	GlobalSection(SolutionProperties) = preSolution
		HideSolutionNode = FALSE
	EndGlobalSection
	GlobalSection(ExtensibilityGlobals) = postSolution
		SolutionGuid = {23FD3FA7-7601-48D8-955C-71E8CDE96C0D}
	EndGlobalSection
EndGlobal
